
Microsoft Visual Studio Solution File, Format Version 12.00
# 
Project("{FAE04EC0-301F-11D3-BF4B-00C04F79EFBC}") = "DemoShop.Api", "src\DemoShop.Api\DemoShop.Api.csproj", "{5AE42C9C-DDC6-4F0D-B660-99F88227EB5B}"
EndProject
Project("{2150E333-8FDC-42A3-9474-1A3956D46DE8}") = "Solution Items", "Solution Items", "{EF105D7D-0A45-4367-BF95-F7080FA20B73}"
	ProjectSection(SolutionItems) = preProject
		compose.yaml = compose.yaml
	EndProjectSection
EndProject
Project("{FAE04EC0-301F-11D3-BF4B-00C04F79EFBC}") = "DemoShop.Domain", "src\DemoShop.Domain\DemoShop.Domain.csproj", "{2B91B33A-7EDD-4A40-9042-2FA43E226C56}"
EndProject
Project("{FAE04EC0-301F-11D3-BF4B-00C04F79EFBC}") = "DemoShop.Infrastructure", "src\DemoShop.Infrastructure\DemoShop.Infrastructure.csproj", "{FF909D15-5454-4DB0-9BDE-880E7F773932}"
EndProject
Project("{FAE04EC0-301F-11D3-BF4B-00C04F79EFBC}") = "DemoShop.Application", "src\DemoShop.Application\DemoShop.Application.csproj", "{8196E5BB-16BE-43FF-9635-BD40078D5D42}"
EndProject
Project("{2150E333-8FDC-42A3-9474-1A3956D46DE8}") = "tests", "tests", "{8D5F9268-1C23-4E7C-A919-B8304C56D51F}"
EndProject
Project("{FAE04EC0-301F-11D3-BF4B-00C04F79EFBC}") = "DemoShop.Api.Tests", "tests\DemoShop.Api.Tests\DemoShop.Api.Tests.csproj", "{5CD7E3E5-9942-4E99-999B-87F0BBC5D35A}"
EndProject
Project("{2150E333-8FDC-42A3-9474-1A3956D46DE8}") = "src", "src", "{266F12B6-8162-4E37-B3CF-2338EC334A28}"
EndProject
Project("{FAE04EC0-301F-11D3-BF4B-00C04F79EFBC}") = "DemoShop.Application.Tests", "tests\DemoShop.Application.Tests\DemoShop.Application.Tests.csproj", "{F73CEF2A-18B0-4101-9DCE-CCA91161E6E7}"
EndProject
Project("{FAE04EC0-301F-11D3-BF4B-00C04F79EFBC}") = "DemoShop.TestUtils", "tests\DemoShop.TestUtils\DemoShop.TestUtils.csproj", "{0E4E1AE5-4D03-4EDD-9A00-37570DCCD2D7}"
EndProject
Project("{FAE04EC0-301F-11D3-BF4B-00C04F79EFBC}") = "DemoShop.Infrastructure.Tests", "tests\DemoShop.Infrastructure.Tests\DemoShop.Infrastructure.Tests.csproj", "{B2BBF6A6-9666-4E6A-B7A7-A97193788BE3}"
EndProject
Project("{FAE04EC0-301F-11D3-BF4B-00C04F79EFBC}") = "DemoShop.Domain.Tests", "tests\DemoShop.Domain.Tests\DemoShop.Domain.Tests.csproj", "{C3ACB155-7303-40A4-9F38-27EE8ECF51F4}"
EndProject
Global
	GlobalSection(SolutionConfigurationPlatforms) = preSolution
		Debug|Any CPU = Debug|Any CPU
		Release|Any CPU = Release|Any CPU
	EndGlobalSection
	GlobalSection(ProjectConfigurationPlatforms) = postSolution
		{5AE42C9C-DDC6-4F0D-B660-99F88227EB5B}.Debug|Any CPU.ActiveCfg = Debug|Any CPU
		{5AE42C9C-DDC6-4F0D-B660-99F88227EB5B}.Debug|Any CPU.Build.0 = Debug|Any CPU
		{5AE42C9C-DDC6-4F0D-B660-99F88227EB5B}.Release|Any CPU.ActiveCfg = Release|Any CPU
		{5AE42C9C-DDC6-4F0D-B660-99F88227EB5B}.Release|Any CPU.Build.0 = Release|Any CPU
		{2B91B33A-7EDD-4A40-9042-2FA43E226C56}.Debug|Any CPU.ActiveCfg = Debug|Any CPU
		{2B91B33A-7EDD-4A40-9042-2FA43E226C56}.Debug|Any CPU.Build.0 = Debug|Any CPU
		{2B91B33A-7EDD-4A40-9042-2FA43E226C56}.Release|Any CPU.ActiveCfg = Release|Any CPU
		{2B91B33A-7EDD-4A40-9042-2FA43E226C56}.Release|Any CPU.Build.0 = Release|Any CPU
		{FF909D15-5454-4DB0-9BDE-880E7F773932}.Debug|Any CPU.ActiveCfg = Debug|Any CPU
		{FF909D15-5454-4DB0-9BDE-880E7F773932}.Debug|Any CPU.Build.0 = Debug|Any CPU
		{FF909D15-5454-4DB0-9BDE-880E7F773932}.Release|Any CPU.ActiveCfg = Release|Any CPU
		{FF909D15-5454-4DB0-9BDE-880E7F773932}.Release|Any CPU.Build.0 = Release|Any CPU
		{8196E5BB-16BE-43FF-9635-BD40078D5D42}.Debug|Any CPU.ActiveCfg = Debug|Any CPU
		{8196E5BB-16BE-43FF-9635-BD40078D5D42}.Debug|Any CPU.Build.0 = Debug|Any CPU
		{8196E5BB-16BE-43FF-9635-BD40078D5D42}.Release|Any CPU.ActiveCfg = Release|Any CPU
		{8196E5BB-16BE-43FF-9635-BD40078D5D42}.Release|Any CPU.Build.0 = Release|Any CPU
		{5CD7E3E5-9942-4E99-999B-87F0BBC5D35A}.Debug|Any CPU.ActiveCfg = Debug|Any CPU
		{5CD7E3E5-9942-4E99-999B-87F0BBC5D35A}.Debug|Any CPU.Build.0 = Debug|Any CPU
		{5CD7E3E5-9942-4E99-999B-87F0BBC5D35A}.Release|Any CPU.ActiveCfg = Release|Any CPU
		{5CD7E3E5-9942-4E99-999B-87F0BBC5D35A}.Release|Any CPU.Build.0 = Release|Any CPU
		{F73CEF2A-18B0-4101-9DCE-CCA91161E6E7}.Debug|Any CPU.ActiveCfg = Debug|Any CPU
		{F73CEF2A-18B0-4101-9DCE-CCA91161E6E7}.Debug|Any CPU.Build.0 = Debug|Any CPU
		{F73CEF2A-18B0-4101-9DCE-CCA91161E6E7}.Release|Any CPU.ActiveCfg = Release|Any CPU
		{F73CEF2A-18B0-4101-9DCE-CCA91161E6E7}.Release|Any CPU.Build.0 = Release|Any CPU
		{0E4E1AE5-4D03-4EDD-9A00-37570DCCD2D7}.Debug|Any CPU.ActiveCfg = Debug|Any CPU
		{0E4E1AE5-4D03-4EDD-9A00-37570DCCD2D7}.Debug|Any CPU.Build.0 = Debug|Any CPU
		{0E4E1AE5-4D03-4EDD-9A00-37570DCCD2D7}.Release|Any CPU.ActiveCfg = Release|Any CPU
		{0E4E1AE5-4D03-4EDD-9A00-37570DCCD2D7}.Release|Any CPU.Build.0 = Release|Any CPU
		{B2BBF6A6-9666-4E6A-B7A7-A97193788BE3}.Debug|Any CPU.ActiveCfg = Debug|Any CPU
		{B2BBF6A6-9666-4E6A-B7A7-A97193788BE3}.Debug|Any CPU.Build.0 = Debug|Any CPU
		{B2BBF6A6-9666-4E6A-B7A7-A97193788BE3}.Release|Any CPU.ActiveCfg = Release|Any CPU
		{B2BBF6A6-9666-4E6A-B7A7-A97193788BE3}.Release|Any CPU.Build.0 = Release|Any CPU
		{C3ACB155-7303-40A4-9F38-27EE8ECF51F4}.Debug|Any CPU.ActiveCfg = Debug|Any CPU
		{C3ACB155-7303-40A4-9F38-27EE8ECF51F4}.Debug|Any CPU.Build.0 = Debug|Any CPU
		{C3ACB155-7303-40A4-9F38-27EE8ECF51F4}.Release|Any CPU.ActiveCfg = Release|Any CPU
		{C3ACB155-7303-40A4-9F38-27EE8ECF51F4}.Release|Any CPU.Build.0 = Release|Any CPU
	EndGlobalSection
	GlobalSection(NestedProjects) = preSolution
		{5CD7E3E5-9942-4E99-999B-87F0BBC5D35A} = {8D5F9268-1C23-4E7C-A919-B8304C56D51F}
		{5AE42C9C-DDC6-4F0D-B660-99F88227EB5B} = {266F12B6-8162-4E37-B3CF-2338EC334A28}
		{2B91B33A-7EDD-4A40-9042-2FA43E226C56} = {266F12B6-8162-4E37-B3CF-2338EC334A28}
		{FF909D15-5454-4DB0-9BDE-880E7F773932} = {266F12B6-8162-4E37-B3CF-2338EC334A28}
		{8196E5BB-16BE-43FF-9635-BD40078D5D42} = {266F12B6-8162-4E37-B3CF-2338EC334A28}
		{F73CEF2A-18B0-4101-9DCE-CCA91161E6E7} = {8D5F9268-1C23-4E7C-A919-B8304C56D51F}
		{0E4E1AE5-4D03-4EDD-9A00-37570DCCD2D7} = {8D5F9268-1C23-4E7C-A919-B8304C56D51F}
		{B2BBF6A6-9666-4E6A-B7A7-A97193788BE3} = {8D5F9268-1C23-4E7C-A919-B8304C56D51F}
		{C3ACB155-7303-40A4-9F38-27EE8ECF51F4} = {8D5F9268-1C23-4E7C-A919-B8304C56D51F}
	EndGlobalSection
EndGlobal
